
Microsoft Visual Studio Solution File, Format Version 12.00
# Visual Studio 15
VisualStudioVersion = 15.0.28010.2016
MinimumVisualStudioVersion = 10.0.40219.1
Project("{FAE04EC0-301F-11D3-BF4B-00C04F79EFBC}") = "GoudKoorts_Modl3", "GoudKoorts_Modl3\GoudKoorts_Modl3.csproj", "{CEEB78C1-1ACB-4CD9-8F52-0EAC7FE47BAC}"
EndProject
Global
	GlobalSection(SolutionConfigurationPlatforms) = preSolution
		Debug|Any CPU = Debug|Any CPU
		Release|Any CPU = Release|Any CPU
	EndGlobalSection
	GlobalSection(ProjectConfigurationPlatforms) = postSolution
		{CEEB78C1-1ACB-4CD9-8F52-0EAC7FE47BAC}.Debug|Any CPU.ActiveCfg = Debug|Any CPU
		{CEEB78C1-1ACB-4CD9-8F52-0EAC7FE47BAC}.Debug|Any CPU.Build.0 = Debug|Any CPU
		{CEEB78C1-1ACB-4CD9-8F52-0EAC7FE47BAC}.Release|Any CPU.ActiveCfg = Release|Any CPU
		{CEEB78C1-1ACB-4CD9-8F52-0EAC7FE47BAC}.Release|Any CPU.Build.0 = Release|Any CPU
	EndGlobalSection
	GlobalSection(SolutionProperties) = preSolution
		HideSolutionNode = FALSE
	EndGlobalSection
	GlobalSection(ExtensibilityGlobals) = postSolution
		SolutionGuid = {F992BD73-5B2B-4778-8A28-10E2AB638671}
	EndGlobalSection
EndGlobal
